
Microsoft Visual Studio Solution File, Format Version 12.00
# Visual Studio Version 16
VisualStudioVersion = 16.0.31515.178
MinimumVisualStudioVersion = 10.0.40219.1
Project("{9A19103F-16F7-4668-BE54-9A1E7A4F7556}") = "RPGchar", "RPGchar.csproj", "{AAF03AEE-5C3D-4AD9-A152-ABCE1D823C8B}"
EndProject
Project("{FAE04EC0-301F-11D3-BF4B-00C04F79EFBC}") = "RPGcharTest", "RPGcharTest\RPGcharTest.csproj", "{CE3F009D-501B-4D75-ADBD-DBACB62EB52D}"
EndProject
Global
	GlobalSection(SolutionConfigurationPlatforms) = preSolution
		Debug|Any CPU = Debug|Any CPU
		Release|Any CPU = Release|Any CPU
	EndGlobalSection
	GlobalSection(ProjectConfigurationPlatforms) = postSolution
		{AAF03AEE-5C3D-4AD9-A152-ABCE1D823C8B}.Debug|Any CPU.ActiveCfg = Debug|Any CPU
		{AAF03AEE-5C3D-4AD9-A152-ABCE1D823C8B}.Debug|Any CPU.Build.0 = Debug|Any CPU
		{AAF03AEE-5C3D-4AD9-A152-ABCE1D823C8B}.Release|Any CPU.ActiveCfg = Release|Any CPU
		{AAF03AEE-5C3D-4AD9-A152-ABCE1D823C8B}.Release|Any CPU.Build.0 = Release|Any CPU
		{CE3F009D-501B-4D75-ADBD-DBACB62EB52D}.Debug|Any CPU.ActiveCfg = Debug|Any CPU
		{CE3F009D-501B-4D75-ADBD-DBACB62EB52D}.Debug|Any CPU.Build.0 = Debug|Any CPU
		{CE3F009D-501B-4D75-ADBD-DBACB62EB52D}.Release|Any CPU.ActiveCfg = Release|Any CPU
		{CE3F009D-501B-4D75-ADBD-DBACB62EB52D}.Release|Any CPU.Build.0 = Release|Any CPU
	EndGlobalSection
	GlobalSection(SolutionProperties) = preSolution
		HideSolutionNode = FALSE
	EndGlobalSection
	GlobalSection(ExtensibilityGlobals) = postSolution
		SolutionGuid = {430703BD-A72A-439B-A57E-8EB8C970043E}
	EndGlobalSection
EndGlobal
